PODS:
  - DZNEmptyDataSet (1.8.1)
  - EasyTipView (2.0.4)
  - Mixpanel (3.6.0)
  - SwiftyJSON (5.0.0)

DEPENDENCIES:
  - DZNEmptyDataSet
  - EasyTipView (~> 2.0.0)
  - Mixpanel
  - SwiftyJSON

SPEC REPOS:
  https://github.com/CocoaPods/Specs.git:
    - DZNEmptyDataSet
    - EasyTipView
    - Mixpanel
    - SwiftyJSON

SPEC CHECKSUMS:
  DZNEmptyDataSet: 9525833b9e68ac21c30253e1d3d7076cc828eaa7
  EasyTipView: 4f8beae0a82db2ca4a9b5fd658785fc5f61d296b
  Mixpanel: 446b6e7713aa34a9a3516ff7648d56551384fc94
  SwiftyJSON: 36413e04c44ee145039d332b4f4e2d3e8d6c4db7

PODFILE CHECKSUM: 35cec7b013f09c8f01a9bc9473ca80ac68e9dbf8

COCOAPODS: 1.8.4
