// !$*UTF8*$!
{
	archiveVersion = 1;
	classes = {
	};
	objectVersion = 46;
	objects = {

/* Begin PBXBuildFile section */
		4324437A1C61F14D0045A661 /* Performance.swift in Sources */ = {isa = PBXBuildFile; fileRef = 432443791C61F14D0045A661 /* Performance.swift */; };
		4324437C1C6200890045A661 /* friday_performances.json in Resources */ = {isa = PBXBuildFile; fileRef = 4324437B1C6200890045A661 /* friday_performances.json */; };
		4324437E1C6203650045A661 /* PerformanceCell.swift in Sources */ = {isa = PBXBuildFile; fileRef = 4324437D1C6203650045A661 /* PerformanceCell.swift */; };
		43828C661C3F998D00DE4C70 /* SourceSansPro-Regular.ttf in Resources */ = {isa = PBXBuildFile; fileRef = 43828C641C3F998D00DE4C70 /* SourceSansPro-Regular.ttf */; };
		43828C671C3F998D00DE4C70 /* SourceSansPro-Semibold.ttf in Resources */ = {isa = PBXBuildFile; fileRef = 43828C651C3F998D00DE4C70 /* SourceSansPro-Semibold.ttf */; };
		43B3667F1C60AA680097F956 /* artist_json.json in Resources */ = {isa = PBXBuildFile; fileRef = 43B3667E1C60AA680097F956 /* artist_json.json */; };
		43C5A6101C25295600222D23 /* AppDelegate.swift in Sources */ = {isa = PBXBuildFile; fileRef = 43C5A60F1C25295600222D23 /* AppDelegate.swift */; };
		43C5A6121C25295600222D23 /* ViewController.swift in Sources */ = {isa = PBXBuildFile; fileRef = 43C5A6111C25295600222D23 /* ViewController.swift */; };
		43C5A6151C25295600222D23 /* Main.storyboard in Resources */ = {isa = PBXBuildFile; fileRef = 43C5A6131C25295600222D23 /* Main.storyboard */; };
		43C5A6181C25295600222D23 /* YFF2016.xcdatamodeld in Sources */ = {isa = PBXBuildFile; fileRef = 43C5A6161C25295600222D23 /* YFF2016.xcdatamodeld */; };
		43C5A61A1C25295600222D23 /* Assets.xcassets in Resources */ = {isa = PBXBuildFile; fileRef = 43C5A6191C25295600222D23 /* Assets.xcassets */; };
		43C5A61D1C25295600222D23 /* LaunchScreen.storyboard in Resources */ = {isa = PBXBuildFile; fileRef = 43C5A61B1C25295600222D23 /* LaunchScreen.storyboard */; };
		43C5A6281C25295600222D23 /* YFF2016Tests.swift in Sources */ = {isa = PBXBuildFile; fileRef = 43C5A6271C25295600222D23 /* YFF2016Tests.swift */; };
		43C5A6331C25295600222D23 /* YFF2016UITests.swift in Sources */ = {isa = PBXBuildFile; fileRef = 43C5A6321C25295600222D23 /* YFF2016UITests.swift */; };
		43C5A6421C276F8E00222D23 /* MapViewController.swift in Sources */ = {isa = PBXBuildFile; fileRef = 43C5A6411C276F8E00222D23 /* MapViewController.swift */; };
		43E17BD41C2B944F0075F92B /* YFFNavigationController.swift in Sources */ = {isa = PBXBuildFile; fileRef = 43E17BD31C2B944F0075F92B /* YFFNavigationController.swift */; };
		43E17BDD1C2B96420075F92B /* Archer Bold.ttf in Resources */ = {isa = PBXBuildFile; fileRef = 43E17BD61C2B96420075F92B /* Archer Bold.ttf */; };
		43E17BDE1C2B96420075F92B /* BebasNeueBold.otf in Resources */ = {isa = PBXBuildFile; fileRef = 43E17BD71C2B96420075F92B /* BebasNeueBold.otf */; };
		43E17BDF1C2B96420075F92B /* BebasNeueBook.otf in Resources */ = {isa = PBXBuildFile; fileRef = 43E17BD81C2B96420075F92B /* BebasNeueBook.otf */; };
		43E17BE01C2B96420075F92B /* BebasNeueLight.otf in Resources */ = {isa = PBXBuildFile; fileRef = 43E17BD91C2B96420075F92B /* BebasNeueLight.otf */; };
		43E17BE11C2B96420075F92B /* BebasNeueRegular.otf in Resources */ = {isa = PBXBuildFile; fileRef = 43E17BDA1C2B96420075F92B /* BebasNeueRegular.otf */; };
		43E17BE21C2B96420075F92B /* BebasNeueThin.otf in Resources */ = {isa = PBXBuildFile; fileRef = 43E17BDB1C2B96420075F92B /* BebasNeueThin.otf */; };
		43E17BE31C2B96420075F92B /* BebasNeue.otf in Resources */ = {isa = PBXBuildFile; fileRef = 43E17BDC1C2B96420075F92B /* BebasNeue.otf */; };
		43E17BE51C2B98250075F92B /* FeedViewController.swift in Sources */ = {isa = PBXBuildFile; fileRef = 43E17BE41C2B98250075F92B /* FeedViewController.swift */; };
		43E17BE71C2B99450075F92B /* YFFTabBarController.swift in Sources */ = {isa = PBXBuildFile; fileRef = 43E17BE61C2B99450075F92B /* YFFTabBarController.swift */; };
		43EBB8031C4F82690024E713 /* ArtistDetailViewController.swift in Sources */ = {isa = PBXBuildFile; fileRef = 43EBB8021C4F82690024E713 /* ArtistDetailViewController.swift */; };
		43EBB8051C4F91260024E713 /* Artist.swift in Sources */ = {isa = PBXBuildFile; fileRef = 43EBB8041C4F91260024E713 /* Artist.swift */; };
		43F2DA481C44F6FA005E937F /* UIColor+YFFMain.swift in Sources */ = {isa = PBXBuildFile; fileRef = 43F2DA471C44F6FA005E937F /* UIColor+YFFMain.swift */; };
		43F2DA4A1C44F8B1005E937F /* ProgramViewController.swift in Sources */ = {isa = PBXBuildFile; fileRef = 43F2DA491C44F8B1005E937F /* ProgramViewController.swift */; };
		43F2DA4C1C4511D1005E937F /* LaunchViewButton.swift in Sources */ = {isa = PBXBuildFile; fileRef = 43F2DA4B1C4511D1005E937F /* LaunchViewButton.swift */; };
		835CE5861C3E6CBE0044AA86 /* FirstLaunchViewController.swift in Sources */ = {isa = PBXBuildFile; fileRef = 835CE5851C3E6CBE0044AA86 /* FirstLaunchViewController.swift */; };
		838F302C1C25385E00D2DA08 /* ArtistListTableViewController.swift in Sources */ = {isa = PBXBuildFile; fileRef = 838F302B1C25385E00D2DA08 /* ArtistListTableViewController.swift */; };
/* End PBXBuildFile section */

/* Begin PBXContainerItemProxy section */
		43C5A6241C25295600222D23 /* PBXContainerItemProxy */ = {
			isa = PBXContainerItemProxy;
			containerPortal = 43C5A6041C25295600222D23 /* Project object */;
			proxyType = 1;
			remoteGlobalIDString = 43C5A60B1C25295600222D23;
			remoteInfo = YFF2016;
		};
		43C5A62F1C25295600222D23 /* PBXContainerItemProxy */ = {
			isa = PBXContainerItemProxy;
			containerPortal = 43C5A6041C25295600222D23 /* Project object */;
			proxyType = 1;
			remoteGlobalIDString = 43C5A60B1C25295600222D23;
			remoteInfo = YFF2016;
		};
/* End PBXContainerItemProxy section */

/* Begin PBXFileReference section */
		432443791C61F14D0045A661 /* Performance.swift */ = {isa = PBXFileReference; fileEncoding = 4; lastKnownFileType = sourcecode.swift; path = Performance.swift; sourceTree = "<group>"; };
		4324437B1C6200890045A661 /* friday_performances.json */ = {isa = PBXFileReference; fileEncoding = 4; lastKnownFileType = text.json; path = friday_performances.json; sourceTree = "<group>"; };
		4324437D1C6203650045A661 /* PerformanceCell.swift */ = {isa = PBXFileReference; fileEncoding = 4; lastKnownFileType = sourcecode.swift; path = PerformanceCell.swift; sourceTree = "<group>"; };
		43828C641C3F998D00DE4C70 /* SourceSansPro-Regular.ttf */ = {isa = PBXFileReference; lastKnownFileType = file; path = "SourceSansPro-Regular.ttf"; sourceTree = "<group>"; };
		43828C651C3F998D00DE4C70 /* SourceSansPro-Semibold.ttf */ = {isa = PBXFileReference; lastKnownFileType = file; path = "SourceSansPro-Semibold.ttf"; sourceTree = "<group>"; };
		43B3667E1C60AA680097F956 /* artist_json.json */ = {isa = PBXFileReference; fileEncoding = 4; lastKnownFileType = text.json; path = artist_json.json; sourceTree = "<group>"; usesTabs = 0; };
		43C5A60C1C25295600222D23 /* YFF2016.app */ = {isa = PBXFileReference; explicitFileType = wrapper.application; includeInIndex = 0; path = YFF2016.app; sourceTree = BUILT_PRODUCTS_DIR; };
		43C5A60F1C25295600222D23 /* AppDelegate.swift */ = {isa = PBXFileReference; lastKnownFileType = sourcecode.swift; path = AppDelegate.swift; sourceTree = "<group>"; };
		43C5A6111C25295600222D23 /* ViewController.swift */ = {isa = PBXFileReference; lastKnownFileType = sourcecode.swift; path = ViewController.swift; sourceTree = "<group>"; };
		43C5A6141C25295600222D23 /* Base */ = {isa = PBXFileReference; lastKnownFileType = file.storyboard; name = Base; path = Base.lproj/Main.storyboard; sourceTree = "<group>"; };
		43C5A6171C25295600222D23 /* YFF2016.xcdatamodel */ = {isa = PBXFileReference; lastKnownFileType = wrapper.xcdatamodel; path = YFF2016.xcdatamodel; sourceTree = "<group>"; };
		43C5A6191C25295600222D23 /* Assets.xcassets */ = {isa = PBXFileReference; lastKnownFileType = folder.assetcatalog; path = Assets.xcassets; sourceTree = "<group>"; };
		43C5A61C1C25295600222D23 /* Base */ = {isa = PBXFileReference; lastKnownFileType = file.storyboard; name = Base; path = Base.lproj/LaunchScreen.storyboard; sourceTree = "<group>"; };
		43C5A61E1C25295600222D23 /* Info.plist */ = {isa = PBXFileReference; lastKnownFileType = text.plist.xml; path = Info.plist; sourceTree = "<group>"; };
		43C5A6231C25295600222D23 /* YFF2016Tests.xctest */ = {isa = PBXFileReference; explicitFileType = wrapper.cfbundle; includeInIndex = 0; path = YFF2016Tests.xctest; sourceTree = BUILT_PRODUCTS_DIR; };
		43C5A6271C25295600222D23 /* YFF2016Tests.swift */ = {isa = PBXFileReference; lastKnownFileType = sourcecode.swift; path = YFF2016Tests.swift; sourceTree = "<group>"; };
		43C5A6291C25295600222D23 /* Info.plist */ = {isa = PBXFileReference; lastKnownFileType = text.plist.xml; path = Info.plist; sourceTree = "<group>"; };
		43C5A62E1C25295600222D23 /* YFF2016UITests.xctest */ = {isa = PBXFileReference; explicitFileType = wrapper.cfbundle; includeInIndex = 0; path = YFF2016UITests.xctest; sourceTree = BUILT_PRODUCTS_DIR; };
		43C5A6321C25295600222D23 /* YFF2016UITests.swift */ = {isa = PBXFileReference; lastKnownFileType = sourcecode.swift; path = YFF2016UITests.swift; sourceTree = "<group>"; };
		43C5A6341C25295600222D23 /* Info.plist */ = {isa = PBXFileReference; lastKnownFileType = text.plist.xml; path = Info.plist; sourceTree = "<group>"; };
		43C5A6411C276F8E00222D23 /* MapViewController.swift */ = {isa = PBXFileReference; fileEncoding = 4; lastKnownFileType = sourcecode.swift; path = MapViewController.swift; sourceTree = "<group>"; };
		43E17BD31C2B944F0075F92B /* YFFNavigationController.swift */ = {isa = PBXFileReference; fileEncoding = 4; lastKnownFileType = sourcecode.swift; path = YFFNavigationController.swift; sourceTree = "<group>"; };
		43E17BD61C2B96420075F92B /* Archer Bold.ttf */ = {isa = PBXFileReference; lastKnownFileType = file; path = "Archer Bold.ttf"; sourceTree = "<group>"; };
		43E17BD71C2B96420075F92B /* BebasNeueBold.otf */ = {isa = PBXFileReference; lastKnownFileType = file; path = BebasNeueBold.otf; sourceTree = "<group>"; };
		43E17BD81C2B96420075F92B /* BebasNeueBook.otf */ = {isa = PBXFileReference; lastKnownFileType = file; path = BebasNeueBook.otf; sourceTree = "<group>"; };
		43E17BD91C2B96420075F92B /* BebasNeueLight.otf */ = {isa = PBXFileReference; lastKnownFileType = file; path = BebasNeueLight.otf; sourceTree = "<group>"; };
		43E17BDA1C2B96420075F92B /* BebasNeueRegular.otf */ = {isa = PBXFileReference; lastKnownFileType = file; path = BebasNeueRegular.otf; sourceTree = "<group>"; };
		43E17BDB1C2B96420075F92B /* BebasNeueThin.otf */ = {isa = PBXFileReference; lastKnownFileType = file; path = BebasNeueThin.otf; sourceTree = "<group>"; };
		43E17BDC1C2B96420075F92B /* BebasNeue.otf */ = {isa = PBXFileReference; lastKnownFileType = file; path = BebasNeue.otf; sourceTree = "<group>"; };
		43E17BE41C2B98250075F92B /* FeedViewController.swift */ = {isa = PBXFileReference; fileEncoding = 4; lastKnownFileType = sourcecode.swift; path = FeedViewController.swift; sourceTree = "<group>"; };
		43E17BE61C2B99450075F92B /* YFFTabBarController.swift */ = {isa = PBXFileReference; fileEncoding = 4; lastKnownFileType = sourcecode.swift; path = YFFTabBarController.swift; sourceTree = "<group>"; };
		43EBB8021C4F82690024E713 /* ArtistDetailViewController.swift */ = {isa = PBXFileReference; fileEncoding = 4; lastKnownFileType = sourcecode.swift; path = ArtistDetailViewController.swift; sourceTree = "<group>"; };
		43EBB8041C4F91260024E713 /* Artist.swift */ = {isa = PBXFileReference; fileEncoding = 4; lastKnownFileType = sourcecode.swift; path = Artist.swift; sourceTree = "<group>"; };
		43F2DA471C44F6FA005E937F /* UIColor+YFFMain.swift */ = {isa = PBXFileReference; fileEncoding = 4; lastKnownFileType = sourcecode.swift; path = "UIColor+YFFMain.swift"; sourceTree = "<group>"; };
		43F2DA491C44F8B1005E937F /* ProgramViewController.swift */ = {isa = PBXFileReference; fileEncoding = 4; lastKnownFileType = sourcecode.swift; path = ProgramViewController.swift; sourceTree = "<group>"; };
		43F2DA4B1C4511D1005E937F /* LaunchViewButton.swift */ = {isa = PBXFileReference; fileEncoding = 4; lastKnownFileType = sourcecode.swift; path = LaunchViewButton.swift; sourceTree = "<group>"; };
		835CE5851C3E6CBE0044AA86 /* FirstLaunchViewController.swift */ = {isa = PBXFileReference; fileEncoding = 4; lastKnownFileType = sourcecode.swift; path = FirstLaunchViewController.swift; sourceTree = "<group>"; };
		838F302B1C25385E00D2DA08 /* ArtistListTableViewController.swift */ = {isa = PBXFileReference; fileEncoding = 4; lastKnownFileType = sourcecode.swift; name = ArtistListTableViewController.swift; path = ../ArtistListTableViewController.swift; sourceTree = "<group>"; };
/* End PBXFileReference section */

/* Begin PBXFrameworksBuildPhase section */
		43C5A6091C25295600222D23 /* Frameworks */ = {
			isa = PBXFrameworksBuildPhase;
			buildActionMask = 2147483647;
			files = (
			);
			runOnlyForDeploymentPostprocessing = 0;
		};
		43C5A6201C25295600222D23 /* Frameworks */ = {
			isa = PBXFrameworksBuildPhase;
			buildActionMask = 2147483647;
			files = (
			);
			runOnlyForDeploymentPostprocessing = 0;
		};
		43C5A62B1C25295600222D23 /* Frameworks */ = {
			isa = PBXFrameworksBuildPhase;
			buildActionMask = 2147483647;
			files = (
			);
			runOnlyForDeploymentPostprocessing = 0;
		};
/* End PBXFrameworksBuildPhase section */

/* Begin PBXGroup section */
		43C5A6031C25295600222D23 = {
			isa = PBXGroup;
			children = (
				43EBB8041C4F91260024E713 /* Artist.swift */,
				43C5A60E1C25295600222D23 /* YFF2016 */,
				43C5A6261C25295600222D23 /* YFF2016Tests */,
				43C5A6311C25295600222D23 /* YFF2016UITests */,
				43C5A60D1C25295600222D23 /* Products */,
			);
			sourceTree = "<group>";
		};
		43C5A60D1C25295600222D23 /* Products */ = {
			isa = PBXGroup;
			children = (
				43C5A60C1C25295600222D23 /* YFF2016.app */,
				43C5A6231C25295600222D23 /* YFF2016Tests.xctest */,
				43C5A62E1C25295600222D23 /* YFF2016UITests.xctest */,
			);
			name = Products;
			sourceTree = "<group>";
		};
		43C5A60E1C25295600222D23 /* YFF2016 */ = {
			isa = PBXGroup;
			children = (
				43B3667E1C60AA680097F956 /* artist_json.json */,
				4324437B1C6200890045A661 /* friday_performances.json */,
				43E17BD51C2B962F0075F92B /* Fonts */,
				43C5A60F1C25295600222D23 /* AppDelegate.swift */,
				43C5A6111C25295600222D23 /* ViewController.swift */,
				43C5A6131C25295600222D23 /* Main.storyboard */,
				835CE5851C3E6CBE0044AA86 /* FirstLaunchViewController.swift */,
				43C5A6191C25295600222D23 /* Assets.xcassets */,
				43C5A61B1C25295600222D23 /* LaunchScreen.storyboard */,
				43C5A61E1C25295600222D23 /* Info.plist */,
				43C5A6161C25295600222D23 /* YFF2016.xcdatamodeld */,
				838F302B1C25385E00D2DA08 /* ArtistListTableViewController.swift */,
				43C5A6411C276F8E00222D23 /* MapViewController.swift */,
				43E17BD31C2B944F0075F92B /* YFFNavigationController.swift */,
				43E17BE41C2B98250075F92B /* FeedViewController.swift */,
				43E17BE61C2B99450075F92B /* YFFTabBarController.swift */,
				43F2DA471C44F6FA005E937F /* UIColor+YFFMain.swift */,
				43F2DA491C44F8B1005E937F /* ProgramViewController.swift */,
				43F2DA4B1C4511D1005E937F /* LaunchViewButton.swift */,
				43EBB8021C4F82690024E713 /* ArtistDetailViewController.swift */,
				432443791C61F14D0045A661 /* Performance.swift */,
				4324437D1C6203650045A661 /* PerformanceCell.swift */,
			);
			path = YFF2016;
			sourceTree = "<group>";
		};
		43C5A6261C25295600222D23 /* YFF2016Tests */ = {
			isa = PBXGroup;
			children = (
				43C5A6271C25295600222D23 /* YFF2016Tests.swift */,
				43C5A6291C25295600222D23 /* Info.plist */,
			);
			path = YFF2016Tests;
			sourceTree = "<group>";
		};
		43C5A6311C25295600222D23 /* YFF2016UITests */ = {
			isa = PBXGroup;
			children = (
				43C5A6321C25295600222D23 /* YFF2016UITests.swift */,
				43C5A6341C25295600222D23 /* Info.plist */,
			);
			path = YFF2016UITests;
			sourceTree = "<group>";
		};
		43E17BD51C2B962F0075F92B /* Fonts */ = {
			isa = PBXGroup;
			children = (
				43828C641C3F998D00DE4C70 /* SourceSansPro-Regular.ttf */,
				43828C651C3F998D00DE4C70 /* SourceSansPro-Semibold.ttf */,
				43E17BD61C2B96420075F92B /* Archer Bold.ttf */,
				43E17BD71C2B96420075F92B /* BebasNeueBold.otf */,
				43E17BD81C2B96420075F92B /* BebasNeueBook.otf */,
				43E17BD91C2B96420075F92B /* BebasNeueLight.otf */,
				43E17BDA1C2B96420075F92B /* BebasNeueRegular.otf */,
				43E17BDB1C2B96420075F92B /* BebasNeueThin.otf */,
				43E17BDC1C2B96420075F92B /* BebasNeue.otf */,
			);
			name = Fonts;
			sourceTree = "<group>";
		};
/* End PBXGroup section */

/* Begin PBXNativeTarget section */
		43C5A60B1C25295600222D23 /* YFF2016 */ = {
			isa = PBXNativeTarget;
			buildConfigurationList = 43C5A6371C25295600222D23 /* Build configuration list for PBXNativeTarget "YFF2016" */;
			buildPhases = (
				43C5A6081C25295600222D23 /* Sources */,
				43C5A6091C25295600222D23 /* Frameworks */,
				43C5A60A1C25295600222D23 /* Resources */,
			);
			buildRules = (
			);
			dependencies = (
			);
			name = YFF2016;
			productName = YFF2016;
			productReference = 43C5A60C1C25295600222D23 /* YFF2016.app */;
			productType = "com.apple.product-type.application";
		};
		43C5A6221C25295600222D23 /* YFF2016Tests */ = {
			isa = PBXNativeTarget;
			buildConfigurationList = 43C5A63A1C25295600222D23 /* Build configuration list for PBXNativeTarget "YFF2016Tests" */;
			buildPhases = (
				43C5A61F1C25295600222D23 /* Sources */,
				43C5A6201C25295600222D23 /* Frameworks */,
				43C5A6211C25295600222D23 /* Resources */,
			);
			buildRules = (
			);
			dependencies = (
				43C5A6251C25295600222D23 /* PBXTargetDependency */,
			);
			name = YFF2016Tests;
			productName = YFF2016Tests;
			productReference = 43C5A6231C25295600222D23 /* YFF2016Tests.xctest */;
			productType = "com.apple.product-type.bundle.unit-test";
		};
		43C5A62D1C25295600222D23 /* YFF2016UITests */ = {
			isa = PBXNativeTarget;
			buildConfigurationList = 43C5A63D1C25295600222D23 /* Build configuration list for PBXNativeTarget "YFF2016UITests" */;
			buildPhases = (
				43C5A62A1C25295600222D23 /* Sources */,
				43C5A62B1C25295600222D23 /* Frameworks */,
				43C5A62C1C25295600222D23 /* Resources */,
			);
			buildRules = (
			);
			dependencies = (
				43C5A6301C25295600222D23 /* PBXTargetDependency */,
			);
			name = YFF2016UITests;
			productName = YFF2016UITests;
			productReference = 43C5A62E1C25295600222D23 /* YFF2016UITests.xctest */;
			productType = "com.apple.product-type.bundle.ui-testing";
		};
/* End PBXNativeTarget section */

/* Begin PBXProject section */
		43C5A6041C25295600222D23 /* Project object */ = {
			isa = PBXProject;
			attributes = {
				LastSwiftUpdateCheck = 0720;
				LastUpgradeCheck = 0720;
				ORGANIZATIONNAME = "Yackandandah Folk Festival";
				TargetAttributes = {
					43C5A60B1C25295600222D23 = {
						CreatedOnToolsVersion = 7.2;
						DevelopmentTeam = 8EZG5WE5N9;
					};
					43C5A6221C25295600222D23 = {
						CreatedOnToolsVersion = 7.2;
						TestTargetID = 43C5A60B1C25295600222D23;
					};
					43C5A62D1C25295600222D23 = {
						CreatedOnToolsVersion = 7.2;
						TestTargetID = 43C5A60B1C25295600222D23;
					};
				};
			};
			buildConfigurationList = 43C5A6071C25295600222D23 /* Build configuration list for PBXProject "YFF2016" */;
			compatibilityVersion = "Xcode 3.2";
			developmentRegion = English;
			hasScannedForEncodings = 0;
			knownRegions = (
				en,
				Base,
			);
			mainGroup = 43C5A6031C25295600222D23;
			productRefGroup = 43C5A60D1C25295600222D23 /* Products */;
			projectDirPath = "";
			projectRoot = "";
			targets = (
				43C5A60B1C25295600222D23 /* YFF2016 */,
				43C5A6221C25295600222D23 /* YFF2016Tests */,
				43C5A62D1C25295600222D23 /* YFF2016UITests */,
			);
		};
/* End PBXProject section */

/* Begin PBXResourcesBuildPhase section */
		43C5A60A1C25295600222D23 /* Resources */ = {
			isa = PBXResourcesBuildPhase;
			buildActionMask = 2147483647;
			files = (
				43E17BE11C2B96420075F92B /* BebasNeueRegular.otf in Resources */,
				43E17BE01C2B96420075F92B /* BebasNeueLight.otf in Resources */,
				43E17BDF1C2B96420075F92B /* BebasNeueBook.otf in Resources */,
				43E17BDE1C2B96420075F92B /* BebasNeueBold.otf in Resources */,
				4324437C1C6200890045A661 /* friday_performances.json in Resources */,
				43E17BE21C2B96420075F92B /* BebasNeueThin.otf in Resources */,
				43828C671C3F998D00DE4C70 /* SourceSansPro-Semibold.ttf in Resources */,
				43C5A61D1C25295600222D23 /* LaunchScreen.storyboard in Resources */,
				43828C661C3F998D00DE4C70 /* SourceSansPro-Regular.ttf in Resources */,
				43E17BDD1C2B96420075F92B /* Archer Bold.ttf in Resources */,
				43B3667F1C60AA680097F956 /* artist_json.json in Resources */,
				43C5A61A1C25295600222D23 /* Assets.xcassets in Resources */,
				43E17BE31C2B96420075F92B /* BebasNeue.otf in Resources */,
				43C5A6151C25295600222D23 /* Main.storyboard in Resources */,
			);
			runOnlyForDeploymentPostprocessing = 0;
		};
		43C5A6211C25295600222D23 /* Resources */ = {
			isa = PBXResourcesBuildPhase;
			buildActionMask = 2147483647;
			files = (
			);
			runOnlyForDeploymentPostprocessing = 0;
		};
		43C5A62C1C25295600222D23 /* Resources */ = {
			isa = PBXResourcesBuildPhase;
			buildActionMask = 2147483647;
			files = (
			);
			runOnlyForDeploymentPostprocessing = 0;
		};
/* End PBXResourcesBuildPhase section */

/* Begin PBXSourcesBuildPhase section */
		43C5A6081C25295600222D23 /* Sources */ = {
			isa = PBXSourcesBuildPhase;
			buildActionMask = 2147483647;
			files = (
				838F302C1C25385E00D2DA08 /* ArtistListTableViewController.swift in Sources */,
				43E17BE71C2B99450075F92B /* YFFTabBarController.swift in Sources */,
				4324437E1C6203650045A661 /* PerformanceCell.swift in Sources */,
				43E17BD41C2B944F0075F92B /* YFFNavigationController.swift in Sources */,
				43C5A6121C25295600222D23 /* ViewController.swift in Sources */,
				835CE5861C3E6CBE0044AA86 /* FirstLaunchViewController.swift in Sources */,
				43C5A6101C25295600222D23 /* AppDelegate.swift in Sources */,
				4324437A1C61F14D0045A661 /* Performance.swift in Sources */,
				43EBB8051C4F91260024E713 /* Artist.swift in Sources */,
				43F2DA481C44F6FA005E937F /* UIColor+YFFMain.swift in Sources */,
				43F2DA4C1C4511D1005E937F /* LaunchViewButton.swift in Sources */,
				43C5A6421C276F8E00222D23 /* MapViewController.swift in Sources */,
				43EBB8031C4F82690024E713 /* ArtistDetailViewController.swift in Sources */,
				43F2DA4A1C44F8B1005E937F /* ProgramViewController.swift in Sources */,
				43C5A6181C25295600222D23 /* YFF2016.xcdatamodeld in Sources */,
				43E17BE51C2B98250075F92B /* FeedViewController.swift in Sources */,
			);
			runOnlyForDeploymentPostprocessing = 0;
		};
		43C5A61F1C25295600222D23 /* Sources */ = {
			isa = PBXSourcesBuildPhase;
			buildActionMask = 2147483647;
			files = (
				43C5A6281C25295600222D23 /* YFF2016Tests.swift in Sources */,
			);
			runOnlyForDeploymentPostprocessing = 0;
		};
		43C5A62A1C25295600222D23 /* Sources */ = {
			isa = PBXSourcesBuildPhase;
			buildActionMask = 2147483647;
			files = (
				43C5A6331C25295600222D23 /* YFF2016UITests.swift in Sources */,
			);
			runOnlyForDeploymentPostprocessing = 0;
		};
/* End PBXSourcesBuildPhase section */

/* Begin PBXTargetDependency section */
		43C5A6251C25295600222D23 /* PBXTargetDependency */ = {
			isa = PBXTargetDependency;
			target = 43C5A60B1C25295600222D23 /* YFF2016 */;
			targetProxy = 43C5A6241C25295600222D23 /* PBXContainerItemProxy */;
		};
		43C5A6301C25295600222D23 /* PBXTargetDependency */ = {
			isa = PBXTargetDependency;
			target = 43C5A60B1C25295600222D23 /* YFF2016 */;
			targetProxy = 43C5A62F1C25295600222D23 /* PBXContainerItemProxy */;
		};
/* End PBXTargetDependency section */

/* Begin PBXVariantGroup section */
		43C5A6131C25295600222D23 /* Main.storyboard */ = {
			isa = PBXVariantGroup;
			children = (
				43C5A6141C25295600222D23 /* Base */,
			);
			name = Main.storyboard;
			sourceTree = "<group>";
		};
		43C5A61B1C25295600222D23 /* LaunchScreen.storyboard */ = {
			isa = PBXVariantGroup;
			children = (
				43C5A61C1C25295600222D23 /* Base */,
			);
			name = LaunchScreen.storyboard;
			sourceTree = "<group>";
		};
/* End PBXVariantGroup section */

/* Begin XCBuildConfiguration section */
		43C5A6351C25295600222D23 /* Debug */ = {
			isa = XCBuildConfiguration;
			buildSettings = {
				ALWAYS_SEARCH_USER_PATHS = NO;
				CLANG_CXX_LANGUAGE_STANDARD = "gnu++0x";
				CLANG_CXX_LIBRARY = "libc++";
				CLANG_ENABLE_MODULES = YES;
				CLANG_ENABLE_OBJC_ARC = YES;
				CLANG_WARN_BOOL_CONVERSION = YES;
				CLANG_WARN_CONSTANT_CONVERSION = YES;
				CLANG_WARN_DIRECT_OBJC_ISA_USAGE = YES_ERROR;
				CLANG_WARN_EMPTY_BODY = YES;
				CLANG_WARN_ENUM_CONVERSION = YES;
				CLANG_WARN_INT_CONVERSION = YES;
				CLANG_WARN_OBJC_ROOT_CLASS = YES_ERROR;
				CLANG_WARN_UNREACHABLE_CODE = YES;
				CLANG_WARN__DUPLICATE_METHOD_MATCH = YES;
				"CODE_SIGN_IDENTITY[sdk=iphoneos*]" = "iPhone Developer";
				COPY_PHASE_STRIP = NO;
				DEBUG_INFORMATION_FORMAT = dwarf;
				ENABLE_STRICT_OBJC_MSGSEND = YES;
				ENABLE_TESTABILITY = YES;
				GCC_C_LANGUAGE_STANDARD = gnu99;
				GCC_DYNAMIC_NO_PIC = NO;
				GCC_NO_COMMON_BLOCKS = YES;
				GCC_OPTIMIZATION_LEVEL = 0;
				GCC_PREPROCESSOR_DEFINITIONS = (
					"DEBUG=1",
					"$(inherited)",
				);
				GCC_WARN_64_TO_32_BIT_CONVERSION = YES;
				GCC_WARN_ABOUT_RETURN_TYPE = YES_ERROR;
				GCC_WARN_UNDECLARED_SELECTOR = YES;
				GCC_WARN_UNINITIALIZED_AUTOS = YES_AGGRESSIVE;
				GCC_WARN_UNUSED_FUNCTION = YES;
				GCC_WARN_UNUSED_VARIABLE = YES;
				IPHONEOS_DEPLOYMENT_TARGET = 9.2;
				MTL_ENABLE_DEBUG_INFO = YES;
				ONLY_ACTIVE_ARCH = YES;
				SDKROOT = iphoneos;
				SWIFT_OPTIMIZATION_LEVEL = "-Onone";
			};
			name = Debug;
		};
		43C5A6361C25295600222D23 /* Release */ = {
			isa = XCBuildConfiguration;
			buildSettings = {
				ALWAYS_SEARCH_USER_PATHS = NO;
				CLANG_CXX_LANGUAGE_STANDARD = "gnu++0x";
				CLANG_CXX_LIBRARY = "libc++";
				CLANG_ENABLE_MODULES = YES;
				CLANG_ENABLE_OBJC_ARC = YES;
				CLANG_WARN_BOOL_CONVERSION = YES;
				CLANG_WARN_CONSTANT_CONVERSION = YES;
				CLANG_WARN_DIRECT_OBJC_ISA_USAGE = YES_ERROR;
				CLANG_WARN_EMPTY_BODY = YES;
				CLANG_WARN_ENUM_CONVERSION = YES;
				CLANG_WARN_INT_CONVERSION = YES;
				CLANG_WARN_OBJC_ROOT_CLASS = YES_ERROR;
				CLANG_WARN_UNREACHABLE_CODE = YES;
				CLANG_WARN__DUPLICATE_METHOD_MATCH = YES;
				"CODE_SIGN_IDENTITY[sdk=iphoneos*]" = "iPhone Developer";
				COPY_PHASE_STRIP = NO;
				DEBUG_INFORMATION_FORMAT = "dwarf-with-dsym";
				ENABLE_NS_ASSERTIONS = NO;
				ENABLE_STRICT_OBJC_MSGSEND = YES;
				GCC_C_LANGUAGE_STANDARD = gnu99;
				GCC_NO_COMMON_BLOCKS = YES;
				GCC_WARN_64_TO_32_BIT_CONVERSION = YES;
				GCC_WARN_ABOUT_RETURN_TYPE = YES_ERROR;
				GCC_WARN_UNDECLARED_SELECTOR = YES;
				GCC_WARN_UNINITIALIZED_AUTOS = YES_AGGRESSIVE;
				GCC_WARN_UNUSED_FUNCTION = YES;
				GCC_WARN_UNUSED_VARIABLE = YES;
				IPHONEOS_DEPLOYMENT_TARGET = 9.2;
				MTL_ENABLE_DEBUG_INFO = NO;
				SDKROOT = iphoneos;
				VALIDATE_PRODUCT = YES;
			};
			name = Release;
		};
		43C5A6381C25295600222D23 /* Debug */ = {
			isa = XCBuildConfiguration;
			buildSettings = {
				ASSETCATALOG_COMPILER_APPICON_NAME = AppIcon;
				CODE_SIGN_IDENTITY = "iPhone Developer";
				"CODE_SIGN_IDENTITY[sdk=iphoneos*]" = "iPhone Developer";
				INFOPLIST_FILE = YFF2016/Info.plist;
				IPHONEOS_DEPLOYMENT_TARGET = 7.0;
				LD_RUNPATH_SEARCH_PATHS = "$(inherited) @executable_path/Frameworks";
				PRODUCT_BUNDLE_IDENTIFIER = au.com.papercloud.YFF2016;
				PRODUCT_NAME = "$(TARGET_NAME)";
				PROVISIONING_PROFILE = "";
			};
			name = Debug;
		};
		43C5A6391C25295600222D23 /* Release */ = {
			isa = XCBuildConfiguration;
			buildSettings = {
				ASSETCATALOG_COMPILER_APPICON_NAME = AppIcon;
				CODE_SIGN_IDENTITY = "iPhone Developer";
				"CODE_SIGN_IDENTITY[sdk=iphoneos*]" = "iPhone Developer";
				INFOPLIST_FILE = YFF2016/Info.plist;
				IPHONEOS_DEPLOYMENT_TARGET = 7.0;
				LD_RUNPATH_SEARCH_PATHS = "$(inherited) @executable_path/Frameworks";
				PRODUCT_BUNDLE_IDENTIFIER = au.com.papercloud.YFF2016;
				PRODUCT_NAME = "$(TARGET_NAME)";
				PROVISIONING_PROFILE = "";
			};
			name = Release;
		};
		43C5A63B1C25295600222D23 /* Debug */ = {
			isa = XCBuildConfiguration;
			buildSettings = {
				BUNDLE_LOADER = "$(TEST_HOST)";
				INFOPLIST_FILE = YFF2016Tests/Info.plist;
				LD_RUNPATH_SEARCH_PATHS = "$(inherited) @executable_path/Frameworks @loader_path/Frameworks";
				PRODUCT_BUNDLE_IDENTIFIER = au.com.papercloud.YFF2016Tests;
				PRODUCT_NAME = "$(TARGET_NAME)";
				TEST_HOST = "$(BUILT_PRODUCTS_DIR)/YFF2016.app/YFF2016";
			};
			name = Debug;
		};
		43C5A63C1C25295600222D23 /* Release */ = {
			isa = XCBuildConfiguration;
			buildSettings = {
				BUNDLE_LOADER = "$(TEST_HOST)";
				INFOPLIST_FILE = YFF2016Tests/Info.plist;
				LD_RUNPATH_SEARCH_PATHS = "$(inherited) @executable_path/Frameworks @loader_path/Frameworks";
				PRODUCT_BUNDLE_IDENTIFIER = au.com.papercloud.YFF2016Tests;
				PRODUCT_NAME = "$(TARGET_NAME)";
				TEST_HOST = "$(BUILT_PRODUCTS_DIR)/YFF2016.app/YFF2016";
			};
			name = Release;
		};
		43C5A63E1C25295600222D23 /* Debug */ = {
			isa = XCBuildConfiguration;
			buildSettings = {
				INFOPLIST_FILE = YFF2016UITests/Info.plist;
				LD_RUNPATH_SEARCH_PATHS = "$(inherited) @executable_path/Frameworks @loader_path/Frameworks";
				PRODUCT_BUNDLE_IDENTIFIER = au.com.papercloud.YFF2016UITests;
				PRODUCT_NAME = "$(TARGET_NAME)";
				TEST_TARGET_NAME = YFF2016;
				USES_XCTRUNNER = YES;
			};
			name = Debug;
		};
		43C5A63F1C25295600222D23 /* Release */ = {
			isa = XCBuildConfiguration;
			buildSettings = {
				INFOPLIST_FILE = YFF2016UITests/Info.plist;
				LD_RUNPATH_SEARCH_PATHS = "$(inherited) @executable_path/Frameworks @loader_path/Frameworks";
				PRODUCT_BUNDLE_IDENTIFIER = au.com.papercloud.YFF2016UITests;
				PRODUCT_NAME = "$(TARGET_NAME)";
				TEST_TARGET_NAME = YFF2016;
				USES_XCTRUNNER = YES;
			};
			name = Release;
		};
/* End XCBuildConfiguration section */

/* Begin XCConfigurationList section */
		43C5A6071C25295600222D23 /* Build configuration list for PBXProject "YFF2016" */ = {
			isa = XCConfigurationList;
			buildConfigurations = (
				43C5A6351C25295600222D23 /* Debug */,
				43C5A6361C25295600222D23 /* Release */,
			);
			defaultConfigurationIsVisible = 0;
			defaultConfigurationName = Release;
		};
		43C5A6371C25295600222D23 /* Build configuration list for PBXNativeTarget "YFF2016" */ = {
			isa = XCConfigurationList;
			buildConfigurations = (
				43C5A6381C25295600222D23 /* Debug */,
				43C5A6391C25295600222D23 /* Release */,
			);
			defaultConfigurationIsVisible = 0;
			defaultConfigurationName = Release;
		};
		43C5A63A1C25295600222D23 /* Build configuration list for PBXNativeTarget "YFF2016Tests" */ = {
			isa = XCConfigurationList;
			buildConfigurations = (
				43C5A63B1C25295600222D23 /* Debug */,
				43C5A63C1C25295600222D23 /* Release */,
			);
			defaultConfigurationIsVisible = 0;
			defaultConfigurationName = Release;
		};
		43C5A63D1C25295600222D23 /* Build configuration list for PBXNativeTarget "YFF2016UITests" */ = {
			isa = XCConfigurationList;
			buildConfigurations = (
				43C5A63E1C25295600222D23 /* Debug */,
				43C5A63F1C25295600222D23 /* Release */,
			);
			defaultConfigurationIsVisible = 0;
			defaultConfigurationName = Release;
		};
/* End XCConfigurationList section */

/* Begin XCVersionGroup section */
		43C5A6161C25295600222D23 /* YFF2016.xcdatamodeld */ = {
			isa = XCVersionGroup;
			children = (
				43C5A6171C25295600222D23 /* YFF2016.xcdatamodel */,
			);
			currentVersion = 43C5A6171C25295600222D23 /* YFF2016.xcdatamodel */;
			path = YFF2016.xcdatamodeld;
			sourceTree = "<group>";
			versionGroupType = wrapper.xcdatamodel;
		};
/* End XCVersionGroup section */
	};
	rootObject = 43C5A6041C25295600222D23 /* Project object */;
}
